github.com/20yyq/netlink v0.0.0-20230920054343-ca8d8bc8ad3d h1:D+3b7ED0UfJBjCcet6xggjzDo76hJa/lsGA29+WrcDg=
github.com/20yyq/netlink v0.0.0-20230920054343-ca8d8bc8ad3d/go.mod h1:SqIdVGR/JmP1tDFgz298rpH83/XvdH1l3z9snrxqKnU=
github.com/20yyq/packet v0.1.4-0.20230920035016-fd1212fc6ec6 h1:UthtOiDW6OaI4gvL3O8Q9DIWYZkSFS8KtYe6bJYTphg=
github.com/20yyq/packet v0.1.4-0.20230920035016-fd1212fc6ec6/go.mod h1:A4zhpIl5kFE5oP65EQi/IkTn3xqo3smzZ6yqiBaxl7I=
golang.org/x/sys v0.13.0 h1:Af8nKPmuFypiUBjVoU9V20FiaFXOcuZI21p0ycVYYGE=
golang.org/x/sys v0.13.0/go.mod h1:oPkhp1MJrh7nUepCBck5+mAzfO9JrbApNNgaTdGDITg=
